
Microsoft Visual Studio Solution File, Format Version 12.00
# Visual Studio 14
VisualStudioVersion = 14.0.25420.1
MinimumVisualStudioVersion = 10.0.40219.1
Project("{FAE04EC0-301F-11D3-BF4B-00C04F79EFBC}") = "Test", "Test\Test.csproj", "{8D6AE168-1E6F-48EF-93B3-7673B777ADD0}"
EndProject
Project("{FAE04EC0-301F-11D3-BF4B-00C04F79EFBC}") = "AsrLibrary", "AsrLibrary\AsrLibrary.csproj", "{0AABEE12-CCC8-40F8-B367-5277AB7E1612}"
EndProject
Project("{FAE04EC0-301F-11D3-BF4B-00C04F79EFBC}") = "AsrServer", "AsrServer\AsrServer.csproj", "{87D3EBDE-D1A4-41BA-B2A3-57C054FE87CE}"
EndProject
Global
	GlobalSection(SolutionConfigurationPlatforms) = preSolution
		Debug|Any CPU = Debug|Any CPU
		Release|Any CPU = Release|Any CPU
	EndGlobalSection
	GlobalSection(ProjectConfigurationPlatforms) = postSolution
		{8D6AE168-1E6F-48EF-93B3-7673B777ADD0}.Debug|Any CPU.ActiveCfg = Debug|Any CPU
		{8D6AE168-1E6F-48EF-93B3-7673B777ADD0}.Debug|Any CPU.Build.0 = Debug|Any CPU
		{8D6AE168-1E6F-48EF-93B3-7673B777ADD0}.Release|Any CPU.ActiveCfg = Release|Any CPU
		{8D6AE168-1E6F-48EF-93B3-7673B777ADD0}.Release|Any CPU.Build.0 = Release|Any CPU
		{0AABEE12-CCC8-40F8-B367-5277AB7E1612}.Debug|Any CPU.ActiveCfg = Debug|Any CPU
		{0AABEE12-CCC8-40F8-B367-5277AB7E1612}.Debug|Any CPU.Build.0 = Debug|Any CPU
		{0AABEE12-CCC8-40F8-B367-5277AB7E1612}.Release|Any CPU.ActiveCfg = Release|Any CPU
		{0AABEE12-CCC8-40F8-B367-5277AB7E1612}.Release|Any CPU.Build.0 = Release|Any CPU
		{87D3EBDE-D1A4-41BA-B2A3-57C054FE87CE}.Debug|Any CPU.ActiveCfg = Debug|Any CPU
		{87D3EBDE-D1A4-41BA-B2A3-57C054FE87CE}.Debug|Any CPU.Build.0 = Debug|Any CPU
		{87D3EBDE-D1A4-41BA-B2A3-57C054FE87CE}.Release|Any CPU.ActiveCfg = Release|Any CPU
		{87D3EBDE-D1A4-41BA-B2A3-57C054FE87CE}.Release|Any CPU.Build.0 = Release|Any CPU
	EndGlobalSection
	GlobalSection(SolutionProperties) = preSolution
		HideSolutionNode = FALSE
	EndGlobalSection
EndGlobal
